
Microsoft Visual Studio Solution File, Format Version 12.00
# Visual Studio Version 16
VisualStudioVersion = 16.0.31229.75
MinimumVisualStudioVersion = 10.0.40219.1
Project("{2150E333-8FDC-42A3-9474-1A3956D46DE8}") = "src", "src", "{E766BA92-B33E-4D67-9255-7DCC557525C6}"
EndProject
Project("{2150E333-8FDC-42A3-9474-1A3956D46DE8}") = "Web", "Web", "{E2F491A4-0C92-47A9-8D7E-CFE3F1CB37F4}"
EndProject
Project("{2150E333-8FDC-42A3-9474-1A3956D46DE8}") = "Services", "Services", "{0DD15A50-9441-4928-8204-324512C08A3C}"
EndProject
Project("{2150E333-8FDC-42A3-9474-1A3956D46DE8}") = "Building Blocks", "Building Blocks", "{54B5B50E-03D6-473B-B2B8-2D69B522DE41}"
EndProject
Project("{2150E333-8FDC-42A3-9474-1A3956D46DE8}") = "Identidade", "Identidade", "{49F74CA6-FC02-442C-B124-03E0FE693C37}"
EndProject
Project("{FAE04EC0-301F-11D3-BF4B-00C04F79EFBC}") = "NSE.Identidade.API", "src\Services\NSE.Identidade.API\NSE.Identidade.API.csproj", "{88B97F53-2C8F-41F7-BA0C-DC1D2061DB8B}"
EndProject
Project("{2150E333-8FDC-42A3-9474-1A3956D46DE8}") = "MVC", "MVC", "{1C11E3E5-2636-43FF-B17F-B9833A32CFD0}"
EndProject
Project("{FAE04EC0-301F-11D3-BF4B-00C04F79EFBC}") = "NSE.WebApp.MVC", "src\Web\NSE.WebApp.MVC\NSE.WebApp.MVC.csproj", "{0CC1AE81-E11D-461A-9A3E-6BC9147553FB}"
EndProject
Project("{2150E333-8FDC-42A3-9474-1A3956D46DE8}") = "Core", "Core", "{E9C61CC6-ED34-4AA0-8E8B-1C52A551FFDE}"
EndProject
Project("{FAE04EC0-301F-11D3-BF4B-00C04F79EFBC}") = "NSE.Core", "src\Building Blocks\NSE.Core\NSE.Core.csproj", "{D6DE44A5-C3EC-451D-8E44-4C8C86F611C8}"
EndProject
Project("{2150E333-8FDC-42A3-9474-1A3956D46DE8}") = "Carrinho", "Carrinho", "{F9333894-D626-433D-9498-1E2A61A841DD}"
EndProject
Project("{2150E333-8FDC-42A3-9474-1A3956D46DE8}") = "Catalogo", "Catalogo", "{55E854A7-5242-42E1-89D6-1663AC77DF94}"
EndProject
Project("{2150E333-8FDC-42A3-9474-1A3956D46DE8}") = "Cliente", "Cliente", "{BDC29476-8910-4D39-8F9B-23A52571989B}"
EndProject
Project("{2150E333-8FDC-42A3-9474-1A3956D46DE8}") = "Pagamento", "Pagamento", "{8C0D2042-EB2C-4DBF-A148-0C3164FBAA6C}"
EndProject
Project("{2150E333-8FDC-42A3-9474-1A3956D46DE8}") = "Pedido", "Pedido", "{07D90DFD-7562-4091-8982-270793E63E7A}"
EndProject
Project("{FAE04EC0-301F-11D3-BF4B-00C04F79EFBC}") = "NSE.Carrinho.API", "src\Services\NSE.Carrinho.API\NSE.Carrinho.API.csproj", "{84FE0AA3-77F7-440A-B6D5-E776F0944997}"
EndProject
Project("{FAE04EC0-301F-11D3-BF4B-00C04F79EFBC}") = "NSE.Cliente.API", "src\Services\NSE.Cliente.API\NSE.Cliente.API.csproj", "{AD872C5A-4003-46AC-A3FC-2EE213CECC36}"
EndProject
Project("{FAE04EC0-301F-11D3-BF4B-00C04F79EFBC}") = "NSE.Catalogo.API", "src\Services\NSE.Catalogo.API\NSE.Catalogo.API.csproj", "{C2552BCA-DE0A-49C9-8DC4-202D21C162FE}"
EndProject
Project("{FAE04EC0-301F-11D3-BF4B-00C04F79EFBC}") = "NSE.Pagamento.API", "src\Services\NSE.Pagamento.API\NSE.Pagamento.API.csproj", "{DCCED673-A3D4-4863-ACA6-362C089D2922}"
EndProject
Project("{FAE04EC0-301F-11D3-BF4B-00C04F79EFBC}") = "NSE.Pedido.API", "src\Services\NSE.Pedido.API\NSE.Pedido.API.csproj", "{27583BCB-AAB4-427C-BAFA-6F1BDE1BBE43}"
EndProject
Global
	GlobalSection(SolutionConfigurationPlatforms) = preSolution
		Debug|Any CPU = Debug|Any CPU
		Release|Any CPU = Release|Any CPU
	EndGlobalSection
	GlobalSection(ProjectConfigurationPlatforms) = postSolution
		{88B97F53-2C8F-41F7-BA0C-DC1D2061DB8B}.Debug|Any CPU.ActiveCfg = Debug|Any CPU
		{88B97F53-2C8F-41F7-BA0C-DC1D2061DB8B}.Debug|Any CPU.Build.0 = Debug|Any CPU
		{88B97F53-2C8F-41F7-BA0C-DC1D2061DB8B}.Release|Any CPU.ActiveCfg = Release|Any CPU
		{88B97F53-2C8F-41F7-BA0C-DC1D2061DB8B}.Release|Any CPU.Build.0 = Release|Any CPU
		{0CC1AE81-E11D-461A-9A3E-6BC9147553FB}.Debug|Any CPU.ActiveCfg = Debug|Any CPU
		{0CC1AE81-E11D-461A-9A3E-6BC9147553FB}.Debug|Any CPU.Build.0 = Debug|Any CPU
		{0CC1AE81-E11D-461A-9A3E-6BC9147553FB}.Release|Any CPU.ActiveCfg = Release|Any CPU
		{0CC1AE81-E11D-461A-9A3E-6BC9147553FB}.Release|Any CPU.Build.0 = Release|Any CPU
		{D6DE44A5-C3EC-451D-8E44-4C8C86F611C8}.Debug|Any CPU.ActiveCfg = Debug|Any CPU
		{D6DE44A5-C3EC-451D-8E44-4C8C86F611C8}.Debug|Any CPU.Build.0 = Debug|Any CPU
		{D6DE44A5-C3EC-451D-8E44-4C8C86F611C8}.Release|Any CPU.ActiveCfg = Release|Any CPU
		{D6DE44A5-C3EC-451D-8E44-4C8C86F611C8}.Release|Any CPU.Build.0 = Release|Any CPU
		{84FE0AA3-77F7-440A-B6D5-E776F0944997}.Debug|Any CPU.ActiveCfg = Debug|Any CPU
		{84FE0AA3-77F7-440A-B6D5-E776F0944997}.Debug|Any CPU.Build.0 = Debug|Any CPU
		{84FE0AA3-77F7-440A-B6D5-E776F0944997}.Release|Any CPU.ActiveCfg = Release|Any CPU
		{84FE0AA3-77F7-440A-B6D5-E776F0944997}.Release|Any CPU.Build.0 = Release|Any CPU
		{AD872C5A-4003-46AC-A3FC-2EE213CECC36}.Debug|Any CPU.ActiveCfg = Debug|Any CPU
		{AD872C5A-4003-46AC-A3FC-2EE213CECC36}.Debug|Any CPU.Build.0 = Debug|Any CPU
		{AD872C5A-4003-46AC-A3FC-2EE213CECC36}.Release|Any CPU.ActiveCfg = Release|Any CPU
		{AD872C5A-4003-46AC-A3FC-2EE213CECC36}.Release|Any CPU.Build.0 = Release|Any CPU
		{C2552BCA-DE0A-49C9-8DC4-202D21C162FE}.Debug|Any CPU.ActiveCfg = Debug|Any CPU
		{C2552BCA-DE0A-49C9-8DC4-202D21C162FE}.Debug|Any CPU.Build.0 = Debug|Any CPU
		{C2552BCA-DE0A-49C9-8DC4-202D21C162FE}.Release|Any CPU.ActiveCfg = Release|Any CPU
		{C2552BCA-DE0A-49C9-8DC4-202D21C162FE}.Release|Any CPU.Build.0 = Release|Any CPU
		{DCCED673-A3D4-4863-ACA6-362C089D2922}.Debug|Any CPU.ActiveCfg = Debug|Any CPU
		{DCCED673-A3D4-4863-ACA6-362C089D2922}.Debug|Any CPU.Build.0 = Debug|Any CPU
		{DCCED673-A3D4-4863-ACA6-362C089D2922}.Release|Any CPU.ActiveCfg = Release|Any CPU
		{DCCED673-A3D4-4863-ACA6-362C089D2922}.Release|Any CPU.Build.0 = Release|Any CPU
		{27583BCB-AAB4-427C-BAFA-6F1BDE1BBE43}.Debug|Any CPU.ActiveCfg = Debug|Any CPU
		{27583BCB-AAB4-427C-BAFA-6F1BDE1BBE43}.Debug|Any CPU.Build.0 = Debug|Any CPU
		{27583BCB-AAB4-427C-BAFA-6F1BDE1BBE43}.Release|Any CPU.ActiveCfg = Release|Any CPU
		{27583BCB-AAB4-427C-BAFA-6F1BDE1BBE43}.Release|Any CPU.Build.0 = Release|Any CPU
	EndGlobalSection
	GlobalSection(SolutionProperties) = preSolution
		HideSolutionNode = FALSE
	EndGlobalSection
	GlobalSection(NestedProjects) = preSolution
		{E2F491A4-0C92-47A9-8D7E-CFE3F1CB37F4} = {E766BA92-B33E-4D67-9255-7DCC557525C6}
		{0DD15A50-9441-4928-8204-324512C08A3C} = {E766BA92-B33E-4D67-9255-7DCC557525C6}
		{54B5B50E-03D6-473B-B2B8-2D69B522DE41} = {E766BA92-B33E-4D67-9255-7DCC557525C6}
		{49F74CA6-FC02-442C-B124-03E0FE693C37} = {0DD15A50-9441-4928-8204-324512C08A3C}
		{88B97F53-2C8F-41F7-BA0C-DC1D2061DB8B} = {49F74CA6-FC02-442C-B124-03E0FE693C37}
		{1C11E3E5-2636-43FF-B17F-B9833A32CFD0} = {E2F491A4-0C92-47A9-8D7E-CFE3F1CB37F4}
		{0CC1AE81-E11D-461A-9A3E-6BC9147553FB} = {1C11E3E5-2636-43FF-B17F-B9833A32CFD0}
		{E9C61CC6-ED34-4AA0-8E8B-1C52A551FFDE} = {54B5B50E-03D6-473B-B2B8-2D69B522DE41}
		{D6DE44A5-C3EC-451D-8E44-4C8C86F611C8} = {E9C61CC6-ED34-4AA0-8E8B-1C52A551FFDE}
		{F9333894-D626-433D-9498-1E2A61A841DD} = {0DD15A50-9441-4928-8204-324512C08A3C}
		{55E854A7-5242-42E1-89D6-1663AC77DF94} = {0DD15A50-9441-4928-8204-324512C08A3C}
		{BDC29476-8910-4D39-8F9B-23A52571989B} = {0DD15A50-9441-4928-8204-324512C08A3C}
		{8C0D2042-EB2C-4DBF-A148-0C3164FBAA6C} = {0DD15A50-9441-4928-8204-324512C08A3C}
		{07D90DFD-7562-4091-8982-270793E63E7A} = {0DD15A50-9441-4928-8204-324512C08A3C}
		{84FE0AA3-77F7-440A-B6D5-E776F0944997} = {F9333894-D626-433D-9498-1E2A61A841DD}
		{AD872C5A-4003-46AC-A3FC-2EE213CECC36} = {BDC29476-8910-4D39-8F9B-23A52571989B}
		{C2552BCA-DE0A-49C9-8DC4-202D21C162FE} = {55E854A7-5242-42E1-89D6-1663AC77DF94}
		{DCCED673-A3D4-4863-ACA6-362C089D2922} = {8C0D2042-EB2C-4DBF-A148-0C3164FBAA6C}
		{27583BCB-AAB4-427C-BAFA-6F1BDE1BBE43} = {07D90DFD-7562-4091-8982-270793E63E7A}
	EndGlobalSection
	GlobalSection(ExtensibilityGlobals) = postSolution
		SolutionGuid = {AAEA829E-7DB1-49A5-8B0F-EB10D547ADBE}
	EndGlobalSection
EndGlobal
